{
  "requires": true,
  "lockfileVersion": 1,
  "dependencies": {
    "jsrsasign": {
      "version": "8.0.20",
      "resolved": "https://registry.npmjs.org/jsrsasign/-/jsrsasign-8.0.20.tgz",
      "integrity": "sha512-JTXt9+nqdynIB8wFsS6e8ffHhIjilhywXwdaEVHSj9OVmwldG2H0EoCqkQ+KXkm2tVqREfH/HEmklY4k1/6Rcg=="
    }
  }
}
