dependencies:
- name: postgresql
  repository: https://charts.bitnami.com/bitnami
  version: 12.2.7
- name: redis
  repository: https://charts.bitnami.com/bitnami
  version: 17.9.3
- name: writerite-apiserver
  repository: oci://registry.gitlab.com/writerite/writerite
  version: 0.1.0-dev.12
digest: sha256:729e53907e64df7dba0ba59ffdccf028f5c6818de7dfddf0aa81e9c9c2c9e490
generated: "2023-04-09T18:40:14.660420309+08:00"
