dependencies:
- name: postgresql
  repository: https://charts.bitnami.com/bitnami
  version: 10.13.8
- name: redis
  repository: https://charts.bitnami.com/bitnami
  version: 15.6.1
- name: writerite-apiserver
  repository: oci://registry.gitlab.com/writerite/writerite
  version: 0.1.0-dev.11
digest: sha256:636840e66237c43fa6bb1b06af8b7ee0e73b3329442880cda698219e37dfd2d6
generated: "2021-11-28T09:10:05.333893253+08:00"
