dependencies:
- name: postgresql
  repository: https://charts.bitnami.com/bitnami
  version: 10.16.2
- name: redis
  repository: https://charts.bitnami.com/bitnami
  version: 15.7.6
- name: writerite-apiserver
  repository: oci://registry.gitlab.com/writerite/writerite
  version: 0.1.0-dev.11
digest: sha256:40afba93de64d3b82a1586710bee020d204f1bef5ca899c3c194a53f194ae45b
generated: "2022-01-24T08:54:50.752123771+08:00"
