dependencies:
- name: postgresql
  repository: https://charts.bitnami.com/bitnami
  version: 8.10.6
- name: redis
  repository: https://charts.bitnami.com/bitnami
  version: 10.7.3
digest: sha256:0789defedd5c1f75d1d2b1576d223608a6d59d83e41eddbfef5e24419a1934ea
generated: "2020-06-19T16:05:50.474279362+08:00"
